// !$*UTF8*$!
{
	archiveVersion = 1;
	classes = {
	};
	objectVersion = 56;
	objects = {

/* Begin PBXBuildFile section */
		04043D742C2D612000E85AEC /* CreditsView.swift in Sources */ = {isa = PBXBuildFile; fileRef = 04043D732C2D612000E85AEC /* CreditsView.swift */; };
		046C37642C2C930F007A0AD2 /* VideoModel.swift in Sources */ = {isa = PBXBuildFile; fileRef = 046C37632C2C930F007A0AD2 /* VideoModel.swift */; };
		046C37662C2C93A1007A0AD2 /* VideoListItemView.swift in Sources */ = {isa = PBXBuildFile; fileRef = 046C37652C2C93A1007A0AD2 /* VideoListItemView.swift */; };
		046C37682C2CEC01007A0AD2 /* VideoPlayerView.swift in Sources */ = {isa = PBXBuildFile; fileRef = 046C37672C2CEC01007A0AD2 /* VideoPlayerView.swift */; };
		046C376B2C2CED5C007A0AD2 /* VideoPlayerHelper.swift in Sources */ = {isa = PBXBuildFile; fileRef = 046C376A2C2CED5C007A0AD2 /* VideoPlayerHelper.swift */; };
		046C376D2C2CF50D007A0AD2 /* LocationModel.swift in Sources */ = {isa = PBXBuildFile; fileRef = 046C376C2C2CF50D007A0AD2 /* LocationModel.swift */; };
		046C37712C2CFF4C007A0AD2 /* MapAnnotationView.swift in Sources */ = {isa = PBXBuildFile; fileRef = 046C37702C2CFF4C007A0AD2 /* MapAnnotationView.swift */; };
		046C37732C2D2F6C007A0AD2 /* MotionAnimationView.swift in Sources */ = {isa = PBXBuildFile; fileRef = 046C37722C2D2F6C007A0AD2 /* MotionAnimationView.swift */; };
		046C37792C2D4CF1007A0AD2 /* AnimalGridItemView.swift in Sources */ = {isa = PBXBuildFile; fileRef = 046C37782C2D4CF1007A0AD2 /* AnimalGridItemView.swift */; };
		0474C3242C2C0FAC00C860A2 /* TravelDestinationsApp.swift in Sources */ = {isa = PBXBuildFile; fileRef = 0474C3232C2C0FAC00C860A2 /* TravelDestinationsApp.swift */; };
		0474C3262C2C0FAC00C860A2 /* ContentView.swift in Sources */ = {isa = PBXBuildFile; fileRef = 0474C3252C2C0FAC00C860A2 /* ContentView.swift */; };
		0474C3282C2C0FAD00C860A2 /* Assets.xcassets in Resources */ = {isa = PBXBuildFile; fileRef = 0474C3272C2C0FAD00C860A2 /* Assets.xcassets */; };
		0474C32B2C2C0FAD00C860A2 /* Preview Assets.xcassets in Resources */ = {isa = PBXBuildFile; fileRef = 0474C32A2C2C0FAD00C860A2 /* Preview Assets.xcassets */; };
		04A6CAF02C2C242A00668676 /* VideoListView.swift in Sources */ = {isa = PBXBuildFile; fileRef = 04A6CAEF2C2C242A00668676 /* VideoListView.swift */; };
		04A6CAF22C2C244300668676 /* MapView.swift in Sources */ = {isa = PBXBuildFile; fileRef = 04A6CAF12C2C244300668676 /* MapView.swift */; };
		04A6CAF42C2C246D00668676 /* GalleryView.swift in Sources */ = {isa = PBXBuildFile; fileRef = 04A6CAF32C2C246D00668676 /* GalleryView.swift */; };
		04A6CAF62C2C248D00668676 /* MainView.swift in Sources */ = {isa = PBXBuildFile; fileRef = 04A6CAF52C2C248D00668676 /* MainView.swift */; };
		04A6CB032C2C3D1B00668676 /* TravelDestinationListItemView.swift in Sources */ = {isa = PBXBuildFile; fileRef = 04A6CB022C2C3D1B00668676 /* TravelDestinationListItemView.swift */; };
		04A6CB052C2C489900668676 /* TravelDestinationModel.swift in Sources */ = {isa = PBXBuildFile; fileRef = 04A6CB042C2C489900668676 /* TravelDestinationModel.swift */; };
		04A6CB072C2C629300668676 /* TravelDestinationDetailView.swift in Sources */ = {isa = PBXBuildFile; fileRef = 04A6CB062C2C629300668676 /* TravelDestinationDetailView.swift */; };
		04A6CB092C2C666100668676 /* HeadingView.swift in Sources */ = {isa = PBXBuildFile; fileRef = 04A6CB082C2C666100668676 /* HeadingView.swift */; };
		04A6CB0B2C2C67E100668676 /* InsetGalleryView.swift in Sources */ = {isa = PBXBuildFile; fileRef = 04A6CB0A2C2C67E100668676 /* InsetGalleryView.swift */; };
		04A6CB0D2C2C6F6A00668676 /* InsetFactView.swift in Sources */ = {isa = PBXBuildFile; fileRef = 04A6CB0C2C2C6F6A00668676 /* InsetFactView.swift */; };
		04A6CB0F2C2C730400668676 /* InsetMapView.swift in Sources */ = {isa = PBXBuildFile; fileRef = 04A6CB0E2C2C730400668676 /* InsetMapView.swift */; };
		04A6CB112C2C8E3500668676 /* ExternalWeblinkView.swift in Sources */ = {isa = PBXBuildFile; fileRef = 04A6CB102C2C8E3500668676 /* ExternalWeblinkView.swift */; };
		160DCD09501DB1A09E35F6AD /* Foundation.framework in Frameworks */ = {isa = PBXBuildFile; fileRef = ECDB305EB182BAF5E471BB27 /* Foundation.framework */; };
		2F1ACD3FB581768D78B1C784 /* Travel Stickers MessagesExtension.appex in Embed App Extensions */ = {isa = PBXBuildFile; fileRef = 9CB923238C83CE7E7245D135 /* Travel Stickers MessagesExtension.appex */; settings = {ATTRIBUTES = (RemoveHeadersOnCopy, ); }; };
		5B666C372C416438003A6D6C /* FirebaseFirestore in Frameworks */ = {isa = PBXBuildFile; productRef = 5B666C362C416438003A6D6C /* FirebaseFirestore */; };
		5B666C3B2C416438003A6D6C /* FirebaseFirestoreSwift in Frameworks */ = {isa = PBXBuildFile; productRef = 5B666C3A2C416438003A6D6C /* FirebaseFirestoreSwift */; };
		5B666C572C4166FC003A6D6C /* GoogleService-Info.plist in Resources */ = {isa = PBXBuildFile; fileRef = 5B666C562C4166FC003A6D6C /* GoogleService-Info.plist */; };
		5B737A882C4658B1007C1E4F /* FirestoreService.swift in Sources */ = {isa = PBXBuildFile; fileRef = 5B737A872C4658B1007C1E4F /* FirestoreService.swift */; };
		5B83E7482C58DB98009CFC8F /* TravelGalleryCollectionModel.swift in Sources */ = {isa = PBXBuildFile; fileRef = 5B83E7472C58DB98009CFC8F /* TravelGalleryCollectionModel.swift */; };
		5B9FFEAC2C6E352400B12032 /* CustomVideoPlayer.swift in Sources */ = {isa = PBXBuildFile; fileRef = 5B9FFEAB2C6E352400B12032 /* CustomVideoPlayer.swift */; };
		5B9FFEAE2C6E352400B12032 /* RemoteImageView.swift in Sources */ = {isa = PBXBuildFile; fileRef = 5B9FFEAD2C6E352400B12032 /* RemoteImageView.swift */; };
		5B9FFEB02C6E352400B12032 /* ImagePipeline.swift in Sources */ = {isa = PBXBuildFile; fileRef = 5B9FFEAF2C6E352400B12032 /* ImagePipeline.swift */; };
		5B9FFEB22C6E352400B12032 /* AppTheme.swift in Sources */ = {isa = PBXBuildFile; fileRef = 5B9FFEB12C6E352400B12032 /* AppTheme.swift */; };
		5CB7DD88D979509DCDF40C95 /* borabora.png in Resources */ = {isa = PBXBuildFile; fileRef = A3A63A655348D83FBB08DF07 /* borabora.png */; };
		6D3325F0249C55EB59D47773 /* sydney.png in Resources */ = {isa = PBXBuildFile; fileRef = B1622CCFD356AAE71A3E8EED /* sydney.png */; };
		6E1350352DAF02B0CAB48372 /* glaciernationalpark.png in Resources */ = {isa = PBXBuildFile; fileRef = 5CF0E9B17117440D0FE7ECD1 /* glaciernationalpark.png */; };
		7E0A2461A8998D4253266007 /* tokyo.png in Resources */ = {isa = PBXBuildFile; fileRef = F4331BD7A5BAECE83FA33648 /* tokyo.png */; };
		8AB1B34D4C85A58ECF0CD711 /* MessagesViewController.swift in Sources */ = {isa = PBXBuildFile; fileRef = B191F54E3CA032DC880C6E88 /* MessagesViewController.swift */; };
		9E22CDEFACA7740B9C31CDF3 /* rome.png in Resources */ = {isa = PBXBuildFile; fileRef = 09D92BFD6A7E77C6853A9350 /* rome.png */; };
		C787C5699D329CEBA52D0F4A /* santorini.png in Resources */ = {isa = PBXBuildFile; fileRef = 2BCCCE9E6CE8BD47833CDDAE /* santorini.png */; };
		C8CD9EC6732D9FA42CEFEB9E /* maldives.png in Resources */ = {isa = PBXBuildFile; fileRef = 15BF57F9B5459BAB0E4226D8 /* maldives.png */; };
		D675ACD7AEDC7C02ECB7FD1D /* paris.png in Resources */ = {isa = PBXBuildFile; fileRef = 54C98FA2CC5766CFA83D0BED /* paris.png */; };
/* End PBXBuildFile section */

/* Begin PBXContainerItemProxy section */
		74BB2D1DE1F90BCA523B4C8E /* PBXContainerItemProxy */ = {
			isa = PBXContainerItemProxy;
			containerPortal = 0474C3182C2C0FAC00C860A2 /* Project object */;
			proxyType = 1;
			remoteGlobalIDString = 697224C0BE150C49D9F3D5E1;
			remoteInfo = "Travel Stickers MessagesExtension";
		};
/* End PBXContainerItemProxy section */

/* Begin PBXCopyFilesBuildPhase section */
		046C37872C2D5502007A0AD2 /* Embed Foundation Extensions */ = {
			isa = PBXCopyFilesBuildPhase;
			buildActionMask = 2147483647;
			dstPath = "";
			dstSubfolderSpec = 13;
			files = (
			);
			name = "Embed Foundation Extensions";
			runOnlyForDeploymentPostprocessing = 0;
		};
		3322B466EFD441F09F70A230 /* Embed App Extensions */ = {
			isa = PBXCopyFilesBuildPhase;
			buildActionMask = 2147483647;
			dstPath = "";
			dstSubfolderSpec = 13;
			files = (
				2F1ACD3FB581768D78B1C784 /* Travel Stickers MessagesExtension.appex in Embed App Extensions */,
			);
			name = "Embed App Extensions";
			runOnlyForDeploymentPostprocessing = 0;
		};
/* End PBXCopyFilesBuildPhase section */

/* Begin PBXFileReference section */
		04043D732C2D612000E85AEC /* CreditsView.swift */ = {isa = PBXFileReference; lastKnownFileType = sourcecode.swift; path = CreditsView.swift; sourceTree = "<group>"; };
		04043D782C2D676800E85AEC /* TravelDestinations.entitlements */ = {isa = PBXFileReference; lastKnownFileType = text.plist.entitlements; path = TravelDestinations.entitlements; sourceTree = "<group>"; };
		046C37632C2C930F007A0AD2 /* VideoModel.swift */ = {isa = PBXFileReference; lastKnownFileType = sourcecode.swift; path = VideoModel.swift; sourceTree = "<group>"; };
		046C37652C2C93A1007A0AD2 /* VideoListItemView.swift */ = {isa = PBXFileReference; lastKnownFileType = sourcecode.swift; path = VideoListItemView.swift; sourceTree = "<group>"; };
		046C37672C2CEC01007A0AD2 /* VideoPlayerView.swift */ = {isa = PBXFileReference; lastKnownFileType = sourcecode.swift; path = VideoPlayerView.swift; sourceTree = "<group>"; };
		046C376A2C2CED5C007A0AD2 /* VideoPlayerHelper.swift */ = {isa = PBXFileReference; lastKnownFileType = sourcecode.swift; path = VideoPlayerHelper.swift; sourceTree = "<group>"; };
		046C376C2C2CF50D007A0AD2 /* LocationModel.swift */ = {isa = PBXFileReference; lastKnownFileType = sourcecode.swift; path = LocationModel.swift; sourceTree = "<group>"; };
		046C37702C2CFF4C007A0AD2 /* MapAnnotationView.swift */ = {isa = PBXFileReference; lastKnownFileType = sourcecode.swift; path = MapAnnotationView.swift; sourceTree = "<group>"; };
		046C37722C2D2F6C007A0AD2 /* MotionAnimationView.swift */ = {isa = PBXFileReference; lastKnownFileType = sourcecode.swift; path = MotionAnimationView.swift; sourceTree = "<group>"; };
		046C37782C2D4CF1007A0AD2 /* AnimalGridItemView.swift */ = {isa = PBXFileReference; lastKnownFileType = sourcecode.swift; path = AnimalGridItemView.swift; sourceTree = "<group>"; };
		0474C3202C2C0FAC00C860A2 /* Travel Destinations.app */ = {isa = PBXFileReference; explicitFileType = wrapper.application; includeInIndex = 0; path = "Travel Destinations.app"; sourceTree = BUILT_PRODUCTS_DIR; };
		0474C3232C2C0FAC00C860A2 /* TravelDestinationsApp.swift */ = {isa = PBXFileReference; lastKnownFileType = sourcecode.swift; path = TravelDestinationsApp.swift; sourceTree = "<group>"; };
		0474C3252C2C0FAC00C860A2 /* ContentView.swift */ = {isa = PBXFileReference; lastKnownFileType = sourcecode.swift; path = ContentView.swift; sourceTree = "<group>"; };
		0474C3272C2C0FAD00C860A2 /* Assets.xcassets */ = {isa = PBXFileReference; lastKnownFileType = folder.assetcatalog; path = Assets.xcassets; sourceTree = "<group>"; };
		0474C32A2C2C0FAD00C860A2 /* Preview Assets.xcassets */ = {isa = PBXFileReference; lastKnownFileType = folder.assetcatalog; path = "Preview Assets.xcassets"; sourceTree = "<group>"; };
		04A6CAEE2C2C225600668676 /* Info.plist */ = {isa = PBXFileReference; lastKnownFileType = text.plist; path = Info.plist; sourceTree = "<group>"; };
		04A6CAEF2C2C242A00668676 /* VideoListView.swift */ = {isa = PBXFileReference; lastKnownFileType = sourcecode.swift; path = VideoListView.swift; sourceTree = "<group>"; };
		04A6CAF12C2C244300668676 /* MapView.swift */ = {isa = PBXFileReference; lastKnownFileType = sourcecode.swift; path = MapView.swift; sourceTree = "<group>"; };
		04A6CAF32C2C246D00668676 /* GalleryView.swift */ = {isa = PBXFileReference; lastKnownFileType = sourcecode.swift; path = GalleryView.swift; sourceTree = "<group>"; };
		04A6CAF52C2C248D00668676 /* MainView.swift */ = {isa = PBXFileReference; lastKnownFileType = sourcecode.swift; path = MainView.swift; sourceTree = "<group>"; };
		04A6CB022C2C3D1B00668676 /* TravelDestinationListItemView.swift */ = {isa = PBXFileReference; lastKnownFileType = sourcecode.swift; path = TravelDestinationListItemView.swift; sourceTree = "<group>"; };
		04A6CB042C2C489900668676 /* TravelDestinationModel.swift */ = {isa = PBXFileReference; lastKnownFileType = sourcecode.swift; path = TravelDestinationModel.swift; sourceTree = "<group>"; };
		04A6CB062C2C629300668676 /* TravelDestinationDetailView.swift */ = {isa = PBXFileReference; lastKnownFileType = sourcecode.swift; path = TravelDestinationDetailView.swift; sourceTree = "<group>"; };
		04A6CB082C2C666100668676 /* HeadingView.swift */ = {isa = PBXFileReference; lastKnownFileType = sourcecode.swift; path = HeadingView.swift; sourceTree = "<group>"; };
		04A6CB0A2C2C67E100668676 /* InsetGalleryView.swift */ = {isa = PBXFileReference; lastKnownFileType = sourcecode.swift; path = InsetGalleryView.swift; sourceTree = "<group>"; };
		04A6CB0C2C2C6F6A00668676 /* InsetFactView.swift */ = {isa = PBXFileReference; lastKnownFileType = sourcecode.swift; path = InsetFactView.swift; sourceTree = "<group>"; };
		04A6CB0E2C2C730400668676 /* InsetMapView.swift */ = {isa = PBXFileReference; lastKnownFileType = sourcecode.swift; path = InsetMapView.swift; sourceTree = "<group>"; };
		04A6CB102C2C8E3500668676 /* ExternalWeblinkView.swift */ = {isa = PBXFileReference; lastKnownFileType = sourcecode.swift; path = ExternalWeblinkView.swift; sourceTree = "<group>"; };
		09D92BFD6A7E77C6853A9350 /* rome.png */ = {isa = PBXFileReference; includeInIndex = 1; lastKnownFileType = image.png; path = rome.png; sourceTree = "<group>"; };
		15BF57F9B5459BAB0E4226D8 /* maldives.png */ = {isa = PBXFileReference; includeInIndex = 1; lastKnownFileType = image.png; path = maldives.png; sourceTree = "<group>"; };
		2BCCCE9E6CE8BD47833CDDAE /* santorini.png */ = {isa = PBXFileReference; includeInIndex = 1; lastKnownFileType = image.png; path = santorini.png; sourceTree = "<group>"; };
		54C98FA2CC5766CFA83D0BED /* paris.png */ = {isa = PBXFileReference; includeInIndex = 1; lastKnownFileType = image.png; path = paris.png; sourceTree = "<group>"; };
		5B666C562C4166FC003A6D6C /* GoogleService-Info.plist */ = {isa = PBXFileReference; fileEncoding = 4; lastKnownFileType = text.plist.xml; path = "GoogleService-Info.plist"; sourceTree = "<group>"; };
		5B737A872C4658B1007C1E4F /* FirestoreService.swift */ = {isa = PBXFileReference; lastKnownFileType = sourcecode.swift; path = FirestoreService.swift; sourceTree = "<group>"; };
		5B83E7472C58DB98009CFC8F /* TravelGalleryCollectionModel.swift */ = {isa = PBXFileReference; lastKnownFileType = sourcecode.swift; path = TravelGalleryCollectionModel.swift; sourceTree = "<group>"; };
		5B9FFEAB2C6E352400B12032 /* CustomVideoPlayer.swift */ = {isa = PBXFileReference; lastKnownFileType = sourcecode.swift; path = CustomVideoPlayer.swift; sourceTree = "<group>"; };
		5B9FFEAD2C6E352400B12032 /* RemoteImageView.swift */ = {isa = PBXFileReference; lastKnownFileType = sourcecode.swift; path = RemoteImageView.swift; sourceTree = "<group>"; };
		5B9FFEAF2C6E352400B12032 /* ImagePipeline.swift */ = {isa = PBXFileReference; lastKnownFileType = sourcecode.swift; path = ImagePipeline.swift; sourceTree = "<group>"; };
		5B9FFEB12C6E352400B12032 /* AppTheme.swift */ = {isa = PBXFileReference; lastKnownFileType = sourcecode.swift; path = AppTheme.swift; sourceTree = "<group>"; };
		5CF0E9B17117440D0FE7ECD1 /* glaciernationalpark.png */ = {isa = PBXFileReference; includeInIndex = 1; lastKnownFileType = image.png; path = glaciernationalpark.png; sourceTree = "<group>"; };
		7676ADB6821ACD463D8C79CB /* Info.plist */ = {isa = PBXFileReference; includeInIndex = 1; lastKnownFileType = text.plist.xml; path = Info.plist; sourceTree = "<group>"; };
		9CB923238C83CE7E7245D135 /* Travel Stickers MessagesExtension.appex */ = {isa = PBXFileReference; explicitFileType = "wrapper.app-extension"; includeInIndex = 0; path = "Travel Stickers MessagesExtension.appex"; sourceTree = BUILT_PRODUCTS_DIR; };
		A3A63A655348D83FBB08DF07 /* borabora.png */ = {isa = PBXFileReference; includeInIndex = 1; lastKnownFileType = image.png; path = borabora.png; sourceTree = "<group>"; };
		B1622CCFD356AAE71A3E8EED /* sydney.png */ = {isa = PBXFileReference; includeInIndex = 1; lastKnownFileType = image.png; path = sydney.png; sourceTree = "<group>"; };
		B191F54E3CA032DC880C6E88 /* MessagesViewController.swift */ = {isa = PBXFileReference; includeInIndex = 1; lastKnownFileType = sourcecode.swift; path = MessagesViewController.swift; sourceTree = "<group>"; };
		ECDB305EB182BAF5E471BB27 /* Foundation.framework */ = {isa = PBXFileReference; lastKnownFileType = wrapper.framework; name = Foundation.framework; path = Platforms/iPhoneOS.platform/Developer/SDKs/iPhoneOS18.0.sdk/System/Library/Frameworks/Foundation.framework; sourceTree = DEVELOPER_DIR; };
		F4331BD7A5BAECE83FA33648 /* tokyo.png */ = {isa = PBXFileReference; includeInIndex = 1; lastKnownFileType = image.png; path = tokyo.png; sourceTree = "<group>"; };
/* End PBXFileReference section */

/* Begin PBXFrameworksBuildPhase section */
		0474C31D2C2C0FAC00C860A2 /* Frameworks */ = {
			isa = PBXFrameworksBuildPhase;
			buildActionMask = 2147483647;
			files = (
				5B666C372C416438003A6D6C /* FirebaseFirestore in Frameworks */,
				5B666C3B2C416438003A6D6C /* FirebaseFirestoreSwift in Frameworks */,
			);
			runOnlyForDeploymentPostprocessing = 0;
		};
		6869F1D9B70D84DACC91F16F /* Frameworks */ = {
			isa = PBXFrameworksBuildPhase;
			buildActionMask = 2147483647;
			files = (
				160DCD09501DB1A09E35F6AD /* Foundation.framework in Frameworks */,
			);
			runOnlyForDeploymentPostprocessing = 0;
		};
/* End PBXFrameworksBuildPhase section */

/* Begin PBXGroup section */
		046C37692C2CED45007A0AD2 /* Helper */ = {
			isa = PBXGroup;
			children = (
				046C376A2C2CED5C007A0AD2 /* VideoPlayerHelper.swift */,
			);
			path = Helper;
			sourceTree = "<group>";
		};
		0474C3172C2C0FAC00C860A2 = {
			isa = PBXGroup;
			children = (
				0474C3222C2C0FAC00C860A2 /* Travel Destinations */,
				0474C3212C2C0FAC00C860A2 /* Products */,
				E6195BBB473BFE691F20A553 /* Frameworks */,
				CD9A10EC559FAF1ADB286F83 /* Travel Stickers MessagesExtension */,
			);
			sourceTree = "<group>";
		};
		0474C3212C2C0FAC00C860A2 /* Products */ = {
			isa = PBXGroup;
			children = (
				0474C3202C2C0FAC00C860A2 /* Travel Destinations.app */,
				9CB923238C83CE7E7245D135 /* Travel Stickers MessagesExtension.appex */,
			);
			name = Products;
			sourceTree = "<group>";
		};
		0474C3222C2C0FAC00C860A2 /* Travel Destinations */ = {
			isa = PBXGroup;
			children = (
				04043D782C2D676800E85AEC /* TravelDestinations.entitlements */,
				0474C34F2C2C1F1B00C860A2 /* Main */,
				0474C3502C2C1F2200C860A2 /* Screen */,
				04A6CAF72C2C2F6200668676 /* View */,
				04A6CAFA2C2C318D00668676 /* Model */,
				046C37692C2CED45007A0AD2 /* Helper */,
				5B737A862C46588C007C1E4F /* Network */,
				0474C3272C2C0FAD00C860A2 /* Assets.xcassets */,
				5B666C562C4166FC003A6D6C /* GoogleService-Info.plist */,
				04A6CAEE2C2C225600668676 /* Info.plist */,
				0474C3292C2C0FAD00C860A2 /* Preview Content */,
			);
			path = "Travel Destinations";
			sourceTree = "<group>";
		};
		0474C3292C2C0FAD00C860A2 /* Preview Content */ = {
			isa = PBXGroup;
			children = (
				0474C32A2C2C0FAD00C860A2 /* Preview Assets.xcassets */,
			);
			path = "Preview Content";
			sourceTree = "<group>";
		};
		0474C34F2C2C1F1B00C860A2 /* Main */ = {
			isa = PBXGroup;
			children = (
				0474C3232C2C0FAC00C860A2 /* TravelDestinationsApp.swift */,
			);
			path = Main;
			sourceTree = "<group>";
		};
		0474C3502C2C1F2200C860A2 /* Screen */ = {
			isa = PBXGroup;
			children = (
				0474C3252C2C0FAC00C860A2 /* ContentView.swift */,
				04A6CAEF2C2C242A00668676 /* VideoListView.swift */,
				04A6CAF12C2C244300668676 /* MapView.swift */,
				04A6CAF32C2C246D00668676 /* GalleryView.swift */,
				04A6CAF52C2C248D00668676 /* MainView.swift */,
				04A6CB062C2C629300668676 /* TravelDestinationDetailView.swift */,
				046C37672C2CEC01007A0AD2 /* VideoPlayerView.swift */,
				5B9FFEAB2C6E352400B12032 /* CustomVideoPlayer.swift */,
			);
			path = Screen;
			sourceTree = "<group>";
		};
		04A6CAF72C2C2F6200668676 /* View */ = {
			isa = PBXGroup;
			children = (
				04A6CB022C2C3D1B00668676 /* TravelDestinationListItemView.swift */,
				04A6CB082C2C666100668676 /* HeadingView.swift */,
				04A6CB0A2C2C67E100668676 /* InsetGalleryView.swift */,
				04A6CB0C2C2C6F6A00668676 /* InsetFactView.swift */,
				04A6CB0E2C2C730400668676 /* InsetMapView.swift */,
				04A6CB102C2C8E3500668676 /* ExternalWeblinkView.swift */,
				046C37652C2C93A1007A0AD2 /* VideoListItemView.swift */,
				046C37702C2CFF4C007A0AD2 /* MapAnnotationView.swift */,
				046C37722C2D2F6C007A0AD2 /* MotionAnimationView.swift */,
				046C37782C2D4CF1007A0AD2 /* AnimalGridItemView.swift */,
				5B9FFEAD2C6E352400B12032 /* RemoteImageView.swift */,
				5B9FFEB12C6E352400B12032 /* AppTheme.swift */,
				04043D732C2D612000E85AEC /* CreditsView.swift */,
			);
			path = View;
			sourceTree = "<group>";
		};
		04A6CAFA2C2C318D00668676 /* Model */ = {
			isa = PBXGroup;
			children = (
				04A6CB042C2C489900668676 /* TravelDestinationModel.swift */,
				046C37632C2C930F007A0AD2 /* VideoModel.swift */,
				046C376C2C2CF50D007A0AD2 /* LocationModel.swift */,
				5B83E7472C58DB98009CFC8F /* TravelGalleryCollectionModel.swift */,
			);
			path = Model;
			sourceTree = "<group>";
		};
		064607BBC5F7510E95E81574 /* Stickers */ = {
			isa = PBXGroup;
			children = (
				A3A63A655348D83FBB08DF07 /* borabora.png */,
				5CF0E9B17117440D0FE7ECD1 /* glaciernationalpark.png */,
				15BF57F9B5459BAB0E4226D8 /* maldives.png */,
				54C98FA2CC5766CFA83D0BED /* paris.png */,
				09D92BFD6A7E77C6853A9350 /* rome.png */,
				2BCCCE9E6CE8BD47833CDDAE /* santorini.png */,
				B1622CCFD356AAE71A3E8EED /* sydney.png */,
				F4331BD7A5BAECE83FA33648 /* tokyo.png */,
			);
			path = Stickers;
			sourceTree = "<group>";
		};
		14293F9AF73B608F7B5EF00A /* iOS */ = {
			isa = PBXGroup;
			children = (
				ECDB305EB182BAF5E471BB27 /* Foundation.framework */,
			);
			name = iOS;
			sourceTree = "<group>";
		};
		5B737A862C46588C007C1E4F /* Network */ = {
			isa = PBXGroup;
			children = (
				5B737A872C4658B1007C1E4F /* FirestoreService.swift */,
				5B9FFEAF2C6E352400B12032 /* ImagePipeline.swift */,
			);
			path = Network;
			sourceTree = "<group>";
		};
		CD9A10EC559FAF1ADB286F83 /* Travel Stickers MessagesExtension */ = {
			isa = PBXGroup;
			children = (
				7676ADB6821ACD463D8C79CB /* Info.plist */,
				B191F54E3CA032DC880C6E88 /* MessagesViewController.swift */,
				064607BBC5F7510E95E81574 /* Stickers */,
			);
			path = "Travel Stickers MessagesExtension";
			sourceTree = "<group>";
		};
		E6195BBB473BFE691F20A553 /* Frameworks */ = {
			isa = PBXGroup;
			children = (
				14293F9AF73B608F7B5EF00A /* iOS */,
			);
			name = Frameworks;
			sourceTree = "<group>";
		};
/* End PBXGroup section */

/* Begin PBXNativeTarget section */
		0474C31F2C2C0FAC00C860A2 /* Travel Destinations */ = {
			isa = PBXNativeTarget;
			buildConfigurationList = 0474C32E2C2C0FAD00C860A2 /* Build configuration list for PBXNativeTarget "Travel Destinations" */;
			buildPhases = (
				0474C31C2C2C0FAC00C860A2 /* Sources */,
				0474C31D2C2C0FAC00C860A2 /* Frameworks */,
				0474C31E2C2C0FAC00C860A2 /* Resources */,
				046C37872C2D5502007A0AD2 /* Embed Foundation Extensions */,
				3322B466EFD441F09F70A230 /* Embed App Extensions */,
			);
			buildRules = (
			);
			dependencies = (
				20E6DDB4BDE5FCD390FDD3AF /* PBXTargetDependency */,
			);
			name = "Travel Destinations";
			packageProductDependencies = (
				5B666C362C416438003A6D6C /* FirebaseFirestore */,
				5B666C3A2C416438003A6D6C /* FirebaseFirestoreSwift */,
			);
			productName = Africa;
			productReference = 0474C3202C2C0FAC00C860A2 /* Travel Destinations.app */;
			productType = "com.apple.product-type.application";
		};
		697224C0BE150C49D9F3D5E1 /* Travel Stickers MessagesExtension */ = {
			isa = PBXNativeTarget;
			buildConfigurationList = F4A6B9DD83B891FE2DB3E5DE /* Build configuration list for PBXNativeTarget "Travel Stickers MessagesExtension" */;
			buildPhases = (
				93988D0BBAA7CCBA4E6740FD /* Sources */,
				6869F1D9B70D84DACC91F16F /* Frameworks */,
				A4F88DEA754772011469B583 /* Resources */,
			);
			buildRules = (
			);
			dependencies = (
			);
			name = "Travel Stickers MessagesExtension";
			productName = "Travel Stickers MessagesExtension";
			productReference = 9CB923238C83CE7E7245D135 /* Travel Stickers MessagesExtension.appex */;
			productType = "com.apple.product-type.app-extension.messages";
		};
/* End PBXNativeTarget section */

/* Begin PBXProject section */
		0474C3182C2C0FAC00C860A2 /* Project object */ = {
			isa = PBXProject;
			attributes = {
				BuildIndependentTargetsInParallel = 1;
				LastSwiftUpdateCheck = 1540;
				LastUpgradeCheck = 1540;
				TargetAttributes = {
					0474C31F2C2C0FAC00C860A2 = {
						CreatedOnToolsVersion = 15.4;
					};
				};
			};
			buildConfigurationList = 0474C31B2C2C0FAC00C860A2 /* Build configuration list for PBXProject "Travel Destinations" */;
			compatibilityVersion = "Xcode 14.0";
			developmentRegion = en;
			hasScannedForEncodings = 0;
			knownRegions = (
				en,
				Base,
			);
			mainGroup = 0474C3172C2C0FAC00C860A2;
			packageReferences = (
				5B666C1D2C416438003A6D6C /* XCRemoteSwiftPackageReference "firebase-ios-sdk" */,
			);
			productRefGroup = 0474C3212C2C0FAC00C860A2 /* Products */;
			projectDirPath = "";
			projectRoot = "";
			targets = (
				0474C31F2C2C0FAC00C860A2 /* Travel Destinations */,
				697224C0BE150C49D9F3D5E1 /* Travel Stickers MessagesExtension */,
			);
		};
/* End PBXProject section */

/* Begin PBXResourcesBuildPhase section */
		0474C31E2C2C0FAC00C860A2 /* Resources */ = {
			isa = PBXResourcesBuildPhase;
			buildActionMask = 2147483647;
			files = (
				0474C32B2C2C0FAD00C860A2 /* Preview Assets.xcassets in Resources */,
				5B666C572C4166FC003A6D6C /* GoogleService-Info.plist in Resources */,
				0474C3282C2C0FAD00C860A2 /* Assets.xcassets in Resources */,
			);
			runOnlyForDeploymentPostprocessing = 0;
		};
		A4F88DEA754772011469B583 /* Resources */ = {
			isa = PBXResourcesBuildPhase;
			buildActionMask = 2147483647;
			files = (
				5CB7DD88D979509DCDF40C95 /* borabora.png in Resources */,
				6E1350352DAF02B0CAB48372 /* glaciernationalpark.png in Resources */,
				C8CD9EC6732D9FA42CEFEB9E /* maldives.png in Resources */,
				D675ACD7AEDC7C02ECB7FD1D /* paris.png in Resources */,
				9E22CDEFACA7740B9C31CDF3 /* rome.png in Resources */,
				C787C5699D329CEBA52D0F4A /* santorini.png in Resources */,
				6D3325F0249C55EB59D47773 /* sydney.png in Resources */,
				7E0A2461A8998D4253266007 /* tokyo.png in Resources */,
			);
			runOnlyForDeploymentPostprocessing = 0;
		};
/* End PBXResourcesBuildPhase section */

/* Begin PBXSourcesBuildPhase section */
		0474C31C2C2C0FAC00C860A2 /* Sources */ = {
			isa = PBXSourcesBuildPhase;
			buildActionMask = 2147483647;
			files = (
				046C37662C2C93A1007A0AD2 /* VideoListItemView.swift in Sources */,
				04A6CB112C2C8E3500668676 /* ExternalWeblinkView.swift in Sources */,
				0474C3262C2C0FAC00C860A2 /* ContentView.swift in Sources */,
				04A6CB032C2C3D1B00668676 /* TravelDestinationListItemView.swift in Sources */,
				04A6CB0D2C2C6F6A00668676 /* InsetFactView.swift in Sources */,
				04A6CAF62C2C248D00668676 /* MainView.swift in Sources */,
				04A6CB072C2C629300668676 /* TravelDestinationDetailView.swift in Sources */,
				04A6CB052C2C489900668676 /* TravelDestinationModel.swift in Sources */,
				046C376B2C2CED5C007A0AD2 /* VideoPlayerHelper.swift in Sources */,
				04A6CB0F2C2C730400668676 /* InsetMapView.swift in Sources */,
				046C37712C2CFF4C007A0AD2 /* MapAnnotationView.swift in Sources */,
				04A6CAF22C2C244300668676 /* MapView.swift in Sources */,
				0474C3242C2C0FAC00C860A2 /* TravelDestinationsApp.swift in Sources */,
				046C37642C2C930F007A0AD2 /* VideoModel.swift in Sources */,
				046C376D2C2CF50D007A0AD2 /* LocationModel.swift in Sources */,
				046C37792C2D4CF1007A0AD2 /* AnimalGridItemView.swift in Sources */,
				04A6CAF02C2C242A00668676 /* VideoListView.swift in Sources */,
				5B737A882C4658B1007C1E4F /* FirestoreService.swift in Sources */,
				5B9FFEB02C6E352400B12032 /* ImagePipeline.swift in Sources */,
				5B83E7482C58DB98009CFC8F /* TravelGalleryCollectionModel.swift in Sources */,
				5B9FFEAC2C6E352400B12032 /* CustomVideoPlayer.swift in Sources */,
				5B9FFEAE2C6E352400B12032 /* RemoteImageView.swift in Sources */,
				5B9FFEB22C6E352400B12032 /* AppTheme.swift in Sources */,
				04A6CB0B2C2C67E100668676 /* InsetGalleryView.swift in Sources */,
				04043D742C2D612000E85AEC /* CreditsView.swift in Sources */,
				04A6CAF42C2C246D00668676 /* GalleryView.swift in Sources */,
				046C37732C2D2F6C007A0AD2 /* MotionAnimationView.swift in Sources */,
				04A6CB092C2C666100668676 /* HeadingView.swift in Sources */,
				046C37682C2CEC01007A0AD2 /* VideoPlayerView.swift in Sources */,
			);
			runOnlyForDeploymentPostprocessing = 0;
		};
		93988D0BBAA7CCBA4E6740FD /* Sources */ = {
			isa = PBXSourcesBuildPhase;
			buildActionMask = 2147483647;
			files = (
				8AB1B34D4C85A58ECF0CD711 /* MessagesViewController.swift in Sources */,
			);
			runOnlyForDeploymentPostprocessing = 0;
		};
/* End PBXSourcesBuildPhase section */

/* Begin PBXTargetDependency section */
		20E6DDB4BDE5FCD390FDD3AF /* PBXTargetDependency */ = {
			isa = PBXTargetDependency;
			name = "Travel Stickers MessagesExtension";
			target = 697224C0BE150C49D9F3D5E1 /* Travel Stickers MessagesExtension */;
			targetProxy = 74BB2D1DE1F90BCA523B4C8E /* PBXContainerItemProxy */;
		};
/* End PBXTargetDependency section */

/* Begin XCBuildConfiguration section */
		0474C32C2C2C0FAD00C860A2 /* Debug */ = {
			isa = XCBuildConfiguration;
			buildSettings = {
				ALWAYS_SEARCH_USER_PATHS = NO;
				ASSETCATALOG_COMPILER_GENERATE_SWIFT_ASSET_SYMBOL_EXTENSIONS = YES;
				CLANG_ANALYZER_NONNULL = YES;
				CLANG_ANALYZER_NUMBER_OBJECT_CONVERSION = YES_AGGRESSIVE;
				CLANG_CXX_LANGUAGE_STANDARD = "gnu++20";
				CLANG_ENABLE_MODULES = YES;
				CLANG_ENABLE_OBJC_ARC = YES;
				CLANG_ENABLE_OBJC_WEAK = YES;
				CLANG_WARN_BLOCK_CAPTURE_AUTORELEASING = YES;
				CLANG_WARN_BOOL_CONVERSION = YES;
				CLANG_WARN_COMMA = YES;
				CLANG_WARN_CONSTANT_CONVERSION = YES;
				CLANG_WARN_DEPRECATED_OBJC_IMPLEMENTATIONS = YES;
				CLANG_WARN_DIRECT_OBJC_ISA_USAGE = YES_ERROR;
				CLANG_WARN_DOCUMENTATION_COMMENTS = YES;
				CLANG_WARN_EMPTY_BODY = YES;
				CLANG_WARN_ENUM_CONVERSION = YES;
				CLANG_WARN_INFINITE_RECURSION = YES;
				CLANG_WARN_INT_CONVERSION = YES;
				CLANG_WARN_NON_LITERAL_NULL_CONVERSION = YES;
				CLANG_WARN_OBJC_IMPLICIT_RETAIN_SELF = YES;
				CLANG_WARN_OBJC_LITERAL_CONVERSION = YES;
				CLANG_WARN_OBJC_ROOT_CLASS = YES_ERROR;
				CLANG_WARN_QUOTED_INCLUDE_IN_FRAMEWORK_HEADER = YES;
				CLANG_WARN_RANGE_LOOP_ANALYSIS = YES;
				CLANG_WARN_STRICT_PROTOTYPES = YES;
				CLANG_WARN_SUSPICIOUS_MOVE = YES;
				CLANG_WARN_UNGUARDED_AVAILABILITY = YES_AGGRESSIVE;
				CLANG_WARN_UNREACHABLE_CODE = YES;
				CLANG_WARN__DUPLICATE_METHOD_MATCH = YES;
				COPY_PHASE_STRIP = NO;
				DEBUG_INFORMATION_FORMAT = dwarf;
				ENABLE_STRICT_OBJC_MSGSEND = YES;
				ENABLE_TESTABILITY = YES;
				ENABLE_USER_SCRIPT_SANDBOXING = YES;
				GCC_C_LANGUAGE_STANDARD = gnu17;
				GCC_DYNAMIC_NO_PIC = NO;
				GCC_NO_COMMON_BLOCKS = YES;
				GCC_OPTIMIZATION_LEVEL = 0;
				GCC_PREPROCESSOR_DEFINITIONS = (
					"DEBUG=1",
					"$(inherited)",
				);
				GCC_WARN_64_TO_32_BIT_CONVERSION = YES;
				GCC_WARN_ABOUT_RETURN_TYPE = YES_ERROR;
				GCC_WARN_UNDECLARED_SELECTOR = YES;
				GCC_WARN_UNINITIALIZED_AUTOS = YES_AGGRESSIVE;
				GCC_WARN_UNUSED_FUNCTION = YES;
				GCC_WARN_UNUSED_VARIABLE = YES;
				IPHONEOS_DEPLOYMENT_TARGET = 17.5;
				LOCALIZATION_PREFERS_STRING_CATALOGS = YES;
				MTL_ENABLE_DEBUG_INFO = INCLUDE_SOURCE;
				MTL_FAST_MATH = YES;
				ONLY_ACTIVE_ARCH = YES;
				SDKROOT = iphoneos;
				SWIFT_ACTIVE_COMPILATION_CONDITIONS = "DEBUG $(inherited)";
				SWIFT_OPTIMIZATION_LEVEL = "-Onone";
			};
			name = Debug;
		};
		0474C32D2C2C0FAD00C860A2 /* Release */ = {
			isa = XCBuildConfiguration;
			buildSettings = {
				ALWAYS_SEARCH_USER_PATHS = NO;
				ASSETCATALOG_COMPILER_GENERATE_SWIFT_ASSET_SYMBOL_EXTENSIONS = YES;
				CLANG_ANALYZER_NONNULL = YES;
				CLANG_ANALYZER_NUMBER_OBJECT_CONVERSION = YES_AGGRESSIVE;
				CLANG_CXX_LANGUAGE_STANDARD = "gnu++20";
				CLANG_ENABLE_MODULES = YES;
				CLANG_ENABLE_OBJC_ARC = YES;
				CLANG_ENABLE_OBJC_WEAK = YES;
				CLANG_WARN_BLOCK_CAPTURE_AUTORELEASING = YES;
				CLANG_WARN_BOOL_CONVERSION = YES;
				CLANG_WARN_COMMA = YES;
				CLANG_WARN_CONSTANT_CONVERSION = YES;
				CLANG_WARN_DEPRECATED_OBJC_IMPLEMENTATIONS = YES;
				CLANG_WARN_DIRECT_OBJC_ISA_USAGE = YES_ERROR;
				CLANG_WARN_DOCUMENTATION_COMMENTS = YES;
				CLANG_WARN_EMPTY_BODY = YES;
				CLANG_WARN_ENUM_CONVERSION = YES;
				CLANG_WARN_INFINITE_RECURSION = YES;
				CLANG_WARN_INT_CONVERSION = YES;
				CLANG_WARN_NON_LITERAL_NULL_CONVERSION = YES;
				CLANG_WARN_OBJC_IMPLICIT_RETAIN_SELF = YES;
				CLANG_WARN_OBJC_LITERAL_CONVERSION = YES;
				CLANG_WARN_OBJC_ROOT_CLASS = YES_ERROR;
				CLANG_WARN_QUOTED_INCLUDE_IN_FRAMEWORK_HEADER = YES;
				CLANG_WARN_RANGE_LOOP_ANALYSIS = YES;
				CLANG_WARN_STRICT_PROTOTYPES = YES;
				CLANG_WARN_SUSPICIOUS_MOVE = YES;
				CLANG_WARN_UNGUARDED_AVAILABILITY = YES_AGGRESSIVE;
				CLANG_WARN_UNREACHABLE_CODE = YES;
				CLANG_WARN__DUPLICATE_METHOD_MATCH = YES;
				COPY_PHASE_STRIP = NO;
				DEBUG_INFORMATION_FORMAT = "dwarf-with-dsym";
				ENABLE_NS_ASSERTIONS = NO;
				ENABLE_STRICT_OBJC_MSGSEND = YES;
				ENABLE_USER_SCRIPT_SANDBOXING = YES;
				GCC_C_LANGUAGE_STANDARD = gnu17;
				GCC_NO_COMMON_BLOCKS = YES;
				GCC_WARN_64_TO_32_BIT_CONVERSION = YES;
				GCC_WARN_ABOUT_RETURN_TYPE = YES_ERROR;
				GCC_WARN_UNDECLARED_SELECTOR = YES;
				GCC_WARN_UNINITIALIZED_AUTOS = YES_AGGRESSIVE;
				GCC_WARN_UNUSED_FUNCTION = YES;
				GCC_WARN_UNUSED_VARIABLE = YES;
				IPHONEOS_DEPLOYMENT_TARGET = 17.5;
				LOCALIZATION_PREFERS_STRING_CATALOGS = YES;
				MTL_ENABLE_DEBUG_INFO = NO;
				MTL_FAST_MATH = YES;
				SDKROOT = iphoneos;
				SWIFT_COMPILATION_MODE = wholemodule;
				VALIDATE_PRODUCT = YES;
			};
			name = Release;
		};
		0474C32F2C2C0FAD00C860A2 /* Debug */ = {
			isa = XCBuildConfiguration;
			buildSettings = {
				ASSETCATALOG_COMPILER_APPICON_NAME = AppIcon;
				ASSETCATALOG_COMPILER_GLOBAL_ACCENT_COLOR_NAME = AccentColor;
				CODE_SIGN_ENTITLEMENTS = "Travel Destinations/TravelDestinations.entitlements";
				CODE_SIGN_STYLE = Automatic;
				CURRENT_PROJECT_VERSION = 1;
				DEVELOPMENT_ASSET_PATHS = "\"Travel Destinations/Preview Content\"";
				DEVELOPMENT_TEAM = QMWPPKCH92;
				ENABLE_PREVIEWS = YES;
				GENERATE_INFOPLIST_FILE = YES;
				INFOPLIST_FILE = "Travel Destinations/Info.plist";
				INFOPLIST_KEY_UIApplicationSceneManifest_Generation = YES;
				INFOPLIST_KEY_UIApplicationSupportsIndirectInputEvents = YES;
				INFOPLIST_KEY_UISupportedInterfaceOrientations = "UIInterfaceOrientationLandscapeLeft UIInterfaceOrientationLandscapeRight UIInterfaceOrientationPortrait UIInterfaceOrientationPortraitUpsideDown";
				INFOPLIST_KEY_UIUserInterfaceStyle = Dark;
				IPHONEOS_DEPLOYMENT_TARGET = 17.0;
				LD_RUNPATH_SEARCH_PATHS = (
					"$(inherited)",
					"@executable_path/Frameworks",
				);
				MARKETING_VERSION = 1.0;
				PRODUCT_BUNDLE_IDENTIFIER = com.zohaib.traveldestination;
				PRODUCT_NAME = "$(TARGET_NAME)";
				SUPPORTED_PLATFORMS = "iphoneos iphonesimulator";
				SUPPORTS_MACCATALYST = YES;
				SWIFT_EMIT_LOC_STRINGS = YES;
				SWIFT_VERSION = 5.0;
				TARGETED_DEVICE_FAMILY = "1,2";
			};
			name = Debug;
		};
		0474C3302C2C0FAD00C860A2 /* Release */ = {
			isa = XCBuildConfiguration;
			buildSettings = {
				ASSETCATALOG_COMPILER_APPICON_NAME = AppIcon;
				ASSETCATALOG_COMPILER_GLOBAL_ACCENT_COLOR_NAME = AccentColor;
				CODE_SIGN_ENTITLEMENTS = "Travel Destinations/TravelDestinations.entitlements";
				CODE_SIGN_STYLE = Automatic;
				CURRENT_PROJECT_VERSION = 1;
				DEVELOPMENT_ASSET_PATHS = "\"Travel Destinations/Preview Content\"";
				DEVELOPMENT_TEAM = QMWPPKCH92;
				ENABLE_PREVIEWS = YES;
				GENERATE_INFOPLIST_FILE = YES;
				INFOPLIST_FILE = "Travel Destinations/Info.plist";
				INFOPLIST_KEY_UIApplicationSceneManifest_Generation = YES;
				INFOPLIST_KEY_UIApplicationSupportsIndirectInputEvents = YES;
				INFOPLIST_KEY_UISupportedInterfaceOrientations = "UIInterfaceOrientationLandscapeLeft UIInterfaceOrientationLandscapeRight UIInterfaceOrientationPortrait UIInterfaceOrientationPortraitUpsideDown";
				INFOPLIST_KEY_UIUserInterfaceStyle = Dark;
				IPHONEOS_DEPLOYMENT_TARGET = 17.0;
				LD_RUNPATH_SEARCH_PATHS = (
					"$(inherited)",
					"@executable_path/Frameworks",
				);
				MARKETING_VERSION = 1.0;
				PRODUCT_BUNDLE_IDENTIFIER = com.zohaib.traveldestination;
				PRODUCT_NAME = "$(TARGET_NAME)";
				SUPPORTED_PLATFORMS = "iphoneos iphonesimulator";
				SUPPORTS_MACCATALYST = YES;
				SWIFT_EMIT_LOC_STRINGS = YES;
				SWIFT_VERSION = 5.0;
				TARGETED_DEVICE_FAMILY = "1,2";
			};
			name = Release;
		};
		4904D24B6924EDD1F751B2FA /* Release */ = {
			isa = XCBuildConfiguration;
			buildSettings = {
				CLANG_ENABLE_OBJC_WEAK = NO;
				CODE_SIGN_STYLE = Automatic;
				CURRENT_PROJECT_VERSION = 1;
				DEVELOPMENT_TEAM = QMWPPKCH92;
				GENERATE_INFOPLIST_FILE = NO;
				INFOPLIST_FILE = "Travel Stickers MessagesExtension/Info.plist";
				IPHONEOS_DEPLOYMENT_TARGET = 17.0;
				LD_RUNPATH_SEARCH_PATHS = (
					"$(inherited)",
					"@executable_path/Frameworks",
					"@executable_path/../../Frameworks",
				);
				MARKETING_VERSION = 1.0;
				PRODUCT_BUNDLE_IDENTIFIER = com.zohaib.traveldestination.TravelStickersMessagesExtension;
				PRODUCT_NAME = "$(TARGET_NAME)";
				SDKROOT = iphoneos;
				SKIP_INSTALL = YES;
				SWIFT_VERSION = 5.0;
				TARGETED_DEVICE_FAMILY = "1,2";
				VALIDATE_PRODUCT = YES;
			};
			name = Release;
		};
		B903C05E55BCEAA589511F73 /* Debug */ = {
			isa = XCBuildConfiguration;
			buildSettings = {
				CLANG_ENABLE_OBJC_WEAK = NO;
				CODE_SIGN_STYLE = Automatic;
				CURRENT_PROJECT_VERSION = 1;
				DEVELOPMENT_TEAM = QMWPPKCH92;
				GENERATE_INFOPLIST_FILE = NO;
				INFOPLIST_FILE = "Travel Stickers MessagesExtension/Info.plist";
				IPHONEOS_DEPLOYMENT_TARGET = 17.0;
				LD_RUNPATH_SEARCH_PATHS = (
					"$(inherited)",
					"@executable_path/Frameworks",
					"@executable_path/../../Frameworks",
				);
				MARKETING_VERSION = 1.0;
				PRODUCT_BUNDLE_IDENTIFIER = com.zohaib.traveldestination.TravelStickersMessagesExtension;
				PRODUCT_NAME = "$(TARGET_NAME)";
				SDKROOT = iphoneos;
				SKIP_INSTALL = YES;
				SWIFT_VERSION = 5.0;
				TARGETED_DEVICE_FAMILY = "1,2";
			};
			name = Debug;
		};
/* End XCBuildConfiguration section */

/* Begin XCConfigurationList section */
		0474C31B2C2C0FAC00C860A2 /* Build configuration list for PBXProject "Travel Destinations" */ = {
			isa = XCConfigurationList;
			buildConfigurations = (
				0474C32C2C2C0FAD00C860A2 /* Debug */,
				0474C32D2C2C0FAD00C860A2 /* Release */,
			);
			defaultConfigurationIsVisible = 0;
			defaultConfigurationName = Release;
		};
		0474C32E2C2C0FAD00C860A2 /* Build configuration list for PBXNativeTarget "Travel Destinations" */ = {
			isa = XCConfigurationList;
			buildConfigurations = (
				0474C32F2C2C0FAD00C860A2 /* Debug */,
				0474C3302C2C0FAD00C860A2 /* Release */,
			);
			defaultConfigurationIsVisible = 0;
			defaultConfigurationName = Release;
		};
		F4A6B9DD83B891FE2DB3E5DE /* Build configuration list for PBXNativeTarget "Travel Stickers MessagesExtension" */ = {
			isa = XCConfigurationList;
			buildConfigurations = (
				4904D24B6924EDD1F751B2FA /* Release */,
				B903C05E55BCEAA589511F73 /* Debug */,
			);
			defaultConfigurationIsVisible = 0;
			defaultConfigurationName = Release;
		};
/* End XCConfigurationList section */

/* Begin XCRemoteSwiftPackageReference section */
		5B666C1D2C416438003A6D6C /* XCRemoteSwiftPackageReference "firebase-ios-sdk" */ = {
			isa = XCRemoteSwiftPackageReference;
			repositoryURL = "https://github.com/firebase/firebase-ios-sdk.git";
			requirement = {
				kind = upToNextMajorVersion;
				minimumVersion = 10.29.0;
			};
		};
/* End XCRemoteSwiftPackageReference section */

/* Begin XCSwiftPackageProductDependency section */
		5B666C1E2C416438003A6D6C /* FirebaseAnalytics */ = {
			isa = XCSwiftPackageProductDependency;
			package = 5B666C1D2C416438003A6D6C /* XCRemoteSwiftPackageReference "firebase-ios-sdk" */;
			productName = FirebaseAnalytics;
		};
		5B666C202C416438003A6D6C /* FirebaseAnalyticsOnDeviceConversion */ = {
			isa = XCSwiftPackageProductDependency;
			package = 5B666C1D2C416438003A6D6C /* XCRemoteSwiftPackageReference "firebase-ios-sdk" */;
			productName = FirebaseAnalyticsOnDeviceConversion;
		};
		5B666C222C416438003A6D6C /* FirebaseAnalyticsSwift */ = {
			isa = XCSwiftPackageProductDependency;
			package = 5B666C1D2C416438003A6D6C /* XCRemoteSwiftPackageReference "firebase-ios-sdk" */;
			productName = FirebaseAnalyticsSwift;
		};
		5B666C242C416438003A6D6C /* FirebaseAnalyticsWithoutAdIdSupport */ = {
			isa = XCSwiftPackageProductDependency;
			package = 5B666C1D2C416438003A6D6C /* XCRemoteSwiftPackageReference "firebase-ios-sdk" */;
			productName = FirebaseAnalyticsWithoutAdIdSupport;
		};
		5B666C262C416438003A6D6C /* FirebaseAppCheck */ = {
			isa = XCSwiftPackageProductDependency;
			package = 5B666C1D2C416438003A6D6C /* XCRemoteSwiftPackageReference "firebase-ios-sdk" */;
			productName = FirebaseAppCheck;
		};
		5B666C282C416438003A6D6C /* FirebaseAppDistribution-Beta */ = {
			isa = XCSwiftPackageProductDependency;
			package = 5B666C1D2C416438003A6D6C /* XCRemoteSwiftPackageReference "firebase-ios-sdk" */;
			productName = "FirebaseAppDistribution-Beta";
		};
		5B666C2A2C416438003A6D6C /* FirebaseAuth */ = {
			isa = XCSwiftPackageProductDependency;
			package = 5B666C1D2C416438003A6D6C /* XCRemoteSwiftPackageReference "firebase-ios-sdk" */;
			productName = FirebaseAuth;
		};
		5B666C2C2C416438003A6D6C /* FirebaseAuthCombine-Community */ = {
			isa = XCSwiftPackageProductDependency;
			package = 5B666C1D2C416438003A6D6C /* XCRemoteSwiftPackageReference "firebase-ios-sdk" */;
			productName = "FirebaseAuthCombine-Community";
		};
		5B666C2E2C416438003A6D6C /* FirebaseCrashlytics */ = {
			isa = XCSwiftPackageProductDependency;
			package = 5B666C1D2C416438003A6D6C /* XCRemoteSwiftPackageReference "firebase-ios-sdk" */;
			productName = FirebaseCrashlytics;
		};
		5B666C302C416438003A6D6C /* FirebaseDatabase */ = {
			isa = XCSwiftPackageProductDependency;
			package = 5B666C1D2C416438003A6D6C /* XCRemoteSwiftPackageReference "firebase-ios-sdk" */;
			productName = FirebaseDatabase;
		};
		5B666C322C416438003A6D6C /* FirebaseDatabaseSwift */ = {
			isa = XCSwiftPackageProductDependency;
			package = 5B666C1D2C416438003A6D6C /* XCRemoteSwiftPackageReference "firebase-ios-sdk" */;
			productName = FirebaseDatabaseSwift;
		};
		5B666C342C416438003A6D6C /* FirebaseDynamicLinks */ = {
			isa = XCSwiftPackageProductDependency;
			package = 5B666C1D2C416438003A6D6C /* XCRemoteSwiftPackageReference "firebase-ios-sdk" */;
			productName = FirebaseDynamicLinks;
		};
		5B666C362C416438003A6D6C /* FirebaseFirestore */ = {
			isa = XCSwiftPackageProductDependency;
			package = 5B666C1D2C416438003A6D6C /* XCRemoteSwiftPackageReference "firebase-ios-sdk" */;
			productName = FirebaseFirestore;
		};
		5B666C382C416438003A6D6C /* FirebaseFirestoreCombine-Community */ = {
			isa = XCSwiftPackageProductDependency;
			package = 5B666C1D2C416438003A6D6C /* XCRemoteSwiftPackageReference "firebase-ios-sdk" */;
			productName = "FirebaseFirestoreCombine-Community";
		};
		5B666C3A2C416438003A6D6C /* FirebaseFirestoreSwift */ = {
			isa = XCSwiftPackageProductDependency;
			package = 5B666C1D2C416438003A6D6C /* XCRemoteSwiftPackageReference "firebase-ios-sdk" */;
			productName = FirebaseFirestoreSwift;
		};
		5B666C3C2C416438003A6D6C /* FirebaseFunctions */ = {
			isa = XCSwiftPackageProductDependency;
			package = 5B666C1D2C416438003A6D6C /* XCRemoteSwiftPackageReference "firebase-ios-sdk" */;
			productName = FirebaseFunctions;
		};
		5B666C3E2C416438003A6D6C /* FirebaseFunctionsCombine-Community */ = {
			isa = XCSwiftPackageProductDependency;
			package = 5B666C1D2C416438003A6D6C /* XCRemoteSwiftPackageReference "firebase-ios-sdk" */;
			productName = "FirebaseFunctionsCombine-Community";
		};
		5B666C402C416438003A6D6C /* FirebaseInAppMessaging-Beta */ = {
			isa = XCSwiftPackageProductDependency;
			package = 5B666C1D2C416438003A6D6C /* XCRemoteSwiftPackageReference "firebase-ios-sdk" */;
			productName = "FirebaseInAppMessaging-Beta";
		};
		5B666C422C416438003A6D6C /* FirebaseInAppMessagingSwift-Beta */ = {
			isa = XCSwiftPackageProductDependency;
			package = 5B666C1D2C416438003A6D6C /* XCRemoteSwiftPackageReference "firebase-ios-sdk" */;
			productName = "FirebaseInAppMessagingSwift-Beta";
		};
		5B666C442C416438003A6D6C /* FirebaseInstallations */ = {
			isa = XCSwiftPackageProductDependency;
			package = 5B666C1D2C416438003A6D6C /* XCRemoteSwiftPackageReference "firebase-ios-sdk" */;
			productName = FirebaseInstallations;
		};
		5B666C462C416438003A6D6C /* FirebaseMLModelDownloader */ = {
			isa = XCSwiftPackageProductDependency;
			package = 5B666C1D2C416438003A6D6C /* XCRemoteSwiftPackageReference "firebase-ios-sdk" */;
			productName = FirebaseMLModelDownloader;
		};
		5B666C482C416438003A6D6C /* FirebaseMessaging */ = {
			isa = XCSwiftPackageProductDependency;
			package = 5B666C1D2C416438003A6D6C /* XCRemoteSwiftPackageReference "firebase-ios-sdk" */;
			productName = FirebaseMessaging;
		};
		5B666C4A2C416438003A6D6C /* FirebasePerformance */ = {
			isa = XCSwiftPackageProductDependency;
			package = 5B666C1D2C416438003A6D6C /* XCRemoteSwiftPackageReference "firebase-ios-sdk" */;
			productName = FirebasePerformance;
		};
		5B666C4C2C416438003A6D6C /* FirebaseRemoteConfig */ = {
			isa = XCSwiftPackageProductDependency;
			package = 5B666C1D2C416438003A6D6C /* XCRemoteSwiftPackageReference "firebase-ios-sdk" */;
			productName = FirebaseRemoteConfig;
		};
		5B666C4E2C416438003A6D6C /* FirebaseRemoteConfigSwift */ = {
			isa = XCSwiftPackageProductDependency;
			package = 5B666C1D2C416438003A6D6C /* XCRemoteSwiftPackageReference "firebase-ios-sdk" */;
			productName = FirebaseRemoteConfigSwift;
		};
		5B666C502C416438003A6D6C /* FirebaseStorage */ = {
			isa = XCSwiftPackageProductDependency;
			package = 5B666C1D2C416438003A6D6C /* XCRemoteSwiftPackageReference "firebase-ios-sdk" */;
			productName = FirebaseStorage;
		};
		5B666C522C416438003A6D6C /* FirebaseStorageCombine-Community */ = {
			isa = XCSwiftPackageProductDependency;
			package = 5B666C1D2C416438003A6D6C /* XCRemoteSwiftPackageReference "firebase-ios-sdk" */;
			productName = "FirebaseStorageCombine-Community";
		};
		5B666C542C416438003A6D6C /* FirebaseVertexAI-Preview */ = {
			isa = XCSwiftPackageProductDependency;
			package = 5B666C1D2C416438003A6D6C /* XCRemoteSwiftPackageReference "firebase-ios-sdk" */;
			productName = "FirebaseVertexAI-Preview";
		};
/* End XCSwiftPackageProductDependency section */
	};
	rootObject = 0474C3182C2C0FAC00C860A2 /* Project object */;
}
